{
  "name": "BinaryThree",
  "version": "0.0.1",
  "lockfileVersion": 1,
  "requires": true,
  "dependencies": {
    "three-first-person-controls": {
      "version": "0.2.1",
      "resolved": "https://registry.npmjs.org/three-first-person-controls/-/three-first-person-controls-0.2.1.tgz",
      "integrity": "sha1-/3k7nJMO5JxTCN7em3UT+Ua3wIw="
    }
  }
}
